
Microsoft Visual Studio Solution File, Format Version 12.00
# Visual Studio Version 17
VisualStudioVersion = 17.0.31903.59
MinimumVisualStudioVersion = 10.0.40219.1
Project("{2150E333-8FDC-42A3-9474-1A3956D46DE8}") = "src", "src", "{BDB438C5-2FF1-48A8-8116-3D02B30A433F}"
	ProjectSection(SolutionItems) = preProject
		src\.editorconfig = src\.editorconfig
	EndProjectSection
EndProject
Project("{9A19103F-16F7-4668-BE54-9A1E7A4F7556}") = "StudyOnline.Common", "src\StudyOnline.Common\StudyOnline.Common.csproj", "{76CB5AEC-F23B-4E67-B4CF-1091E2B07EBE}"
EndProject
Project("{2150E333-8FDC-42A3-9474-1A3956D46DE8}") = "Services", "Services", "{8D41E338-C052-4FFB-90E8-85003A5DA20C}"
EndProject
Project("{2150E333-8FDC-42A3-9474-1A3956D46DE8}") = "ContentService", "ContentService", "{7B5F74F9-5B77-44E1-ACAE-6FF4D6ED6FEF}"
EndProject
Project("{9A19103F-16F7-4668-BE54-9A1E7A4F7556}") = "ContentService.Api", "src\Services\ContentService\ContentService.Api\ContentService.Api.csproj", "{67E76ABE-EA8A-45D9-9D8F-2E5734D14276}"
EndProject
Project("{9A19103F-16F7-4668-BE54-9A1E7A4F7556}") = "ContentService.Model", "src\Services\ContentService\ContentService.Model\ContentService.Model.csproj", "{18C65662-E8F8-4CC4-8798-EC8459EC85BF}"
EndProject
Project("{2150E333-8FDC-42A3-9474-1A3956D46DE8}") = "DictionaryService", "DictionaryService", "{3800C64B-521E-45AE-88D4-3C15F3276755}"
EndProject
Project("{9A19103F-16F7-4668-BE54-9A1E7A4F7556}") = "DictionaryService.Api", "src\Services\DictionaryService\DictionaryService.Api\DictionaryService.Api.csproj", "{A4ECAE83-919E-47F2-9D56-6357636BEA30}"
EndProject
Project("{9A19103F-16F7-4668-BE54-9A1E7A4F7556}") = "DictionaryService.Model", "src\Services\DictionaryService\DictionaryService.Model\DictionaryService.Model.csproj", "{51AE1BF2-CAD1-4907-8250-9556DE72BB58}"
EndProject
Project("{2150E333-8FDC-42A3-9474-1A3956D46DE8}") = "MediaService", "MediaService", "{3FBC6C16-3A54-4FD0-B577-BA511871E468}"
EndProject
Project("{9A19103F-16F7-4668-BE54-9A1E7A4F7556}") = "MediaService.Api", "src\Services\MediaService\MediaService.Api\MediaService.Api.csproj", "{7188A784-5A03-4CB9-B612-9AE57938A521}"
EndProject
Project("{9A19103F-16F7-4668-BE54-9A1E7A4F7556}") = "MediaService.Model", "src\Services\MediaService\MediaService.Model\MediaService.Model.csproj", "{1F3C9C9A-5FEC-4A87-8440-65DB36BB3640}"
EndProject
Project("{2150E333-8FDC-42A3-9474-1A3956D46DE8}") = "Gateways", "Gateways", "{F348AB9F-2AAE-43B5-A5CE-AE87596FC2CF}"
EndProject
Project("{9A19103F-16F7-4668-BE54-9A1E7A4F7556}") = "ApiGateway", "src\Gateways\ApiGateway\ApiGateway.csproj", "{3B83331E-98E0-466F-8F03-8D7F7E5B472C}"
EndProject
Project("{9A19103F-16F7-4668-BE54-9A1E7A4F7556}") = "MediaService.CodingConversionService", "src\Services\MediaService\MediaService.CodingConversionService\MediaService.CodingConversionService.csproj", "{DBD8514F-BC8D-4444-B6C4-C90A63391212}"
EndProject
Project("{2150E333-8FDC-42A3-9474-1A3956D46DE8}") = "SearchService", "SearchService", "{5CAAC1CE-6D3F-4AC5-8DFA-19CBDA22F6B9}"
EndProject
Project("{9A19103F-16F7-4668-BE54-9A1E7A4F7556}") = "SearchService.Api", "src\Services\SearchService\SearchService.Api\SearchService.Api.csproj", "{DCF5AB07-BD0F-4777-9F1C-B03630A024AA}"
EndProject
Project("{9A19103F-16F7-4668-BE54-9A1E7A4F7556}") = "SearchService.Model", "src\Services\SearchService\SearchService.Model\SearchService.Model.csproj", "{72EDECE5-6021-44C0-802A-7251FCC257A1}"
EndProject
Project("{2150E333-8FDC-42A3-9474-1A3956D46DE8}") = "UserService", "UserService", "{0916147C-884E-481F-9214-C70E302A9CAB}"
EndProject
Project("{9A19103F-16F7-4668-BE54-9A1E7A4F7556}") = "UserService.Api", "src\Services\UserService\UserService.Api\UserService.Api.csproj", "{BE05C3D3-71D5-42AE-9016-5038C626BAD9}"
EndProject
Project("{2150E333-8FDC-42A3-9474-1A3956D46DE8}") = "BuildingBlocks", "BuildingBlocks", "{7636D599-60C2-469F-86AF-D1741A7E4FB3}"
EndProject
Project("{2150E333-8FDC-42A3-9474-1A3956D46DE8}") = "LocalMessageTable", "LocalMessageTable", "{E4A95630-0D97-41FA-90E5-BCCE5EC49F93}"
EndProject
Project("{9A19103F-16F7-4668-BE54-9A1E7A4F7556}") = "LocalMessage", "src\BuildingBlocks\LocalMessageTable\LocalMessage\LocalMessage.csproj", "{2F9FF926-EF7E-4DF7-8EBC-BEC578F8AAFC}"
EndProject
Project("{9A19103F-16F7-4668-BE54-9A1E7A4F7556}") = "LocalMessage.Test", "src\BuildingBlocks\LocalMessageTable\LocalMessage.Test\LocalMessage.Test.csproj", "{55DDF9E8-CF4C-4C62-8234-C46FC4266A6D}"
EndProject
Project("{2150E333-8FDC-42A3-9474-1A3956D46DE8}") = "CaptchaService", "CaptchaService", "{A6035CFF-2BF9-4A74-907C-52B3136C8966}"
EndProject
Project("{9A19103F-16F7-4668-BE54-9A1E7A4F7556}") = "CaptchaService.Api", "src\Services\CaptchaService\CaptchaService.Api\CaptchaService.Api.csproj", "{0F745295-FC6E-4B6A-B81B-6B5F6C3BD5E7}"
EndProject
Project("{2150E333-8FDC-42A3-9474-1A3956D46DE8}") = "StudyService", "StudyService", "{6CC91503-205B-4CC0-BB3C-308A52D89B7B}"
EndProject
Project("{9A19103F-16F7-4668-BE54-9A1E7A4F7556}") = "StudyService.Api", "src\Services\StudyService\StudyService.Api\StudyService.Api.csproj", "{42F86596-E584-4160-881A-0C9E83FE8AB9}"
EndProject
Project("{2150E333-8FDC-42A3-9474-1A3956D46DE8}") = "ServiceClient", "ServiceClient", "{D79299D4-BF2D-40B1-8800-28EB0D80C819}"
EndProject
Project("{2150E333-8FDC-42A3-9474-1A3956D46DE8}") = "OrderService", "OrderService", "{DEA609DF-1AE0-4045-B11A-E7CBD7585A15}"
	ProjectSection(SolutionItems) = preProject
		src\Services\OrderService\README.md = src\Services\OrderService\README.md
	EndProjectSection
EndProject
Project("{9A19103F-16F7-4668-BE54-9A1E7A4F7556}") = "OrderService.Api", "src\Services\OrderService\OrderService.Api\OrderService.Api.csproj", "{6708E4EE-705D-49CA-A6E3-1E7F974A4EAE}"
EndProject
Project("{FAE04EC0-301F-11D3-BF4B-00C04F79EFBC}") = "OrderService.Model", "src\Services\OrderService\OrderService.Model\OrderService.Model.csproj", "{3AEE3666-99A7-4191-98BC-A9D2D86F87E2}"
EndProject
Global
	GlobalSection(SolutionConfigurationPlatforms) = preSolution
		Debug|Any CPU = Debug|Any CPU
		Release|Any CPU = Release|Any CPU
	EndGlobalSection
	GlobalSection(ProjectConfigurationPlatforms) = postSolution
		{76CB5AEC-F23B-4E67-B4CF-1091E2B07EBE}.Debug|Any CPU.ActiveCfg = Debug|Any CPU
		{76CB5AEC-F23B-4E67-B4CF-1091E2B07EBE}.Debug|Any CPU.Build.0 = Debug|Any CPU
		{76CB5AEC-F23B-4E67-B4CF-1091E2B07EBE}.Release|Any CPU.ActiveCfg = Release|Any CPU
		{76CB5AEC-F23B-4E67-B4CF-1091E2B07EBE}.Release|Any CPU.Build.0 = Release|Any CPU
		{67E76ABE-EA8A-45D9-9D8F-2E5734D14276}.Debug|Any CPU.ActiveCfg = Debug|Any CPU
		{67E76ABE-EA8A-45D9-9D8F-2E5734D14276}.Debug|Any CPU.Build.0 = Debug|Any CPU
		{67E76ABE-EA8A-45D9-9D8F-2E5734D14276}.Release|Any CPU.ActiveCfg = Release|Any CPU
		{67E76ABE-EA8A-45D9-9D8F-2E5734D14276}.Release|Any CPU.Build.0 = Release|Any CPU
		{18C65662-E8F8-4CC4-8798-EC8459EC85BF}.Debug|Any CPU.ActiveCfg = Debug|Any CPU
		{18C65662-E8F8-4CC4-8798-EC8459EC85BF}.Debug|Any CPU.Build.0 = Debug|Any CPU
		{18C65662-E8F8-4CC4-8798-EC8459EC85BF}.Release|Any CPU.ActiveCfg = Release|Any CPU
		{18C65662-E8F8-4CC4-8798-EC8459EC85BF}.Release|Any CPU.Build.0 = Release|Any CPU
		{A4ECAE83-919E-47F2-9D56-6357636BEA30}.Debug|Any CPU.ActiveCfg = Debug|Any CPU
		{A4ECAE83-919E-47F2-9D56-6357636BEA30}.Debug|Any CPU.Build.0 = Debug|Any CPU
		{A4ECAE83-919E-47F2-9D56-6357636BEA30}.Release|Any CPU.ActiveCfg = Release|Any CPU
		{A4ECAE83-919E-47F2-9D56-6357636BEA30}.Release|Any CPU.Build.0 = Release|Any CPU
		{51AE1BF2-CAD1-4907-8250-9556DE72BB58}.Debug|Any CPU.ActiveCfg = Debug|Any CPU
		{51AE1BF2-CAD1-4907-8250-9556DE72BB58}.Debug|Any CPU.Build.0 = Debug|Any CPU
		{51AE1BF2-CAD1-4907-8250-9556DE72BB58}.Release|Any CPU.ActiveCfg = Release|Any CPU
		{51AE1BF2-CAD1-4907-8250-9556DE72BB58}.Release|Any CPU.Build.0 = Release|Any CPU
		{7188A784-5A03-4CB9-B612-9AE57938A521}.Debug|Any CPU.ActiveCfg = Debug|Any CPU
		{7188A784-5A03-4CB9-B612-9AE57938A521}.Debug|Any CPU.Build.0 = Debug|Any CPU
		{7188A784-5A03-4CB9-B612-9AE57938A521}.Release|Any CPU.ActiveCfg = Release|Any CPU
		{7188A784-5A03-4CB9-B612-9AE57938A521}.Release|Any CPU.Build.0 = Release|Any CPU
		{1F3C9C9A-5FEC-4A87-8440-65DB36BB3640}.Debug|Any CPU.ActiveCfg = Debug|Any CPU
		{1F3C9C9A-5FEC-4A87-8440-65DB36BB3640}.Debug|Any CPU.Build.0 = Debug|Any CPU
		{1F3C9C9A-5FEC-4A87-8440-65DB36BB3640}.Release|Any CPU.ActiveCfg = Release|Any CPU
		{1F3C9C9A-5FEC-4A87-8440-65DB36BB3640}.Release|Any CPU.Build.0 = Release|Any CPU
		{3B83331E-98E0-466F-8F03-8D7F7E5B472C}.Debug|Any CPU.ActiveCfg = Debug|Any CPU
		{3B83331E-98E0-466F-8F03-8D7F7E5B472C}.Debug|Any CPU.Build.0 = Debug|Any CPU
		{3B83331E-98E0-466F-8F03-8D7F7E5B472C}.Release|Any CPU.ActiveCfg = Release|Any CPU
		{3B83331E-98E0-466F-8F03-8D7F7E5B472C}.Release|Any CPU.Build.0 = Release|Any CPU
		{DBD8514F-BC8D-4444-B6C4-C90A63391212}.Debug|Any CPU.ActiveCfg = Debug|Any CPU
		{DBD8514F-BC8D-4444-B6C4-C90A63391212}.Debug|Any CPU.Build.0 = Debug|Any CPU
		{DBD8514F-BC8D-4444-B6C4-C90A63391212}.Release|Any CPU.ActiveCfg = Release|Any CPU
		{DBD8514F-BC8D-4444-B6C4-C90A63391212}.Release|Any CPU.Build.0 = Release|Any CPU
		{DCF5AB07-BD0F-4777-9F1C-B03630A024AA}.Debug|Any CPU.ActiveCfg = Debug|Any CPU
		{DCF5AB07-BD0F-4777-9F1C-B03630A024AA}.Debug|Any CPU.Build.0 = Debug|Any CPU
		{DCF5AB07-BD0F-4777-9F1C-B03630A024AA}.Release|Any CPU.ActiveCfg = Release|Any CPU
		{DCF5AB07-BD0F-4777-9F1C-B03630A024AA}.Release|Any CPU.Build.0 = Release|Any CPU
		{72EDECE5-6021-44C0-802A-7251FCC257A1}.Debug|Any CPU.ActiveCfg = Debug|Any CPU
		{72EDECE5-6021-44C0-802A-7251FCC257A1}.Debug|Any CPU.Build.0 = Debug|Any CPU
		{72EDECE5-6021-44C0-802A-7251FCC257A1}.Release|Any CPU.ActiveCfg = Release|Any CPU
		{72EDECE5-6021-44C0-802A-7251FCC257A1}.Release|Any CPU.Build.0 = Release|Any CPU
		{BE05C3D3-71D5-42AE-9016-5038C626BAD9}.Debug|Any CPU.ActiveCfg = Debug|Any CPU
		{BE05C3D3-71D5-42AE-9016-5038C626BAD9}.Debug|Any CPU.Build.0 = Debug|Any CPU
		{BE05C3D3-71D5-42AE-9016-5038C626BAD9}.Release|Any CPU.ActiveCfg = Release|Any CPU
		{BE05C3D3-71D5-42AE-9016-5038C626BAD9}.Release|Any CPU.Build.0 = Release|Any CPU
		{2F9FF926-EF7E-4DF7-8EBC-BEC578F8AAFC}.Debug|Any CPU.ActiveCfg = Debug|Any CPU
		{2F9FF926-EF7E-4DF7-8EBC-BEC578F8AAFC}.Debug|Any CPU.Build.0 = Debug|Any CPU
		{2F9FF926-EF7E-4DF7-8EBC-BEC578F8AAFC}.Release|Any CPU.ActiveCfg = Release|Any CPU
		{2F9FF926-EF7E-4DF7-8EBC-BEC578F8AAFC}.Release|Any CPU.Build.0 = Release|Any CPU
		{55DDF9E8-CF4C-4C62-8234-C46FC4266A6D}.Debug|Any CPU.ActiveCfg = Debug|Any CPU
		{55DDF9E8-CF4C-4C62-8234-C46FC4266A6D}.Debug|Any CPU.Build.0 = Debug|Any CPU
		{55DDF9E8-CF4C-4C62-8234-C46FC4266A6D}.Release|Any CPU.ActiveCfg = Release|Any CPU
		{55DDF9E8-CF4C-4C62-8234-C46FC4266A6D}.Release|Any CPU.Build.0 = Release|Any CPU
		{0F745295-FC6E-4B6A-B81B-6B5F6C3BD5E7}.Debug|Any CPU.ActiveCfg = Debug|Any CPU
		{0F745295-FC6E-4B6A-B81B-6B5F6C3BD5E7}.Debug|Any CPU.Build.0 = Debug|Any CPU
		{0F745295-FC6E-4B6A-B81B-6B5F6C3BD5E7}.Release|Any CPU.ActiveCfg = Release|Any CPU
		{0F745295-FC6E-4B6A-B81B-6B5F6C3BD5E7}.Release|Any CPU.Build.0 = Release|Any CPU
		{42F86596-E584-4160-881A-0C9E83FE8AB9}.Debug|Any CPU.ActiveCfg = Debug|Any CPU
		{42F86596-E584-4160-881A-0C9E83FE8AB9}.Debug|Any CPU.Build.0 = Debug|Any CPU
		{42F86596-E584-4160-881A-0C9E83FE8AB9}.Release|Any CPU.ActiveCfg = Release|Any CPU
		{42F86596-E584-4160-881A-0C9E83FE8AB9}.Release|Any CPU.Build.0 = Release|Any CPU
		{6708E4EE-705D-49CA-A6E3-1E7F974A4EAE}.Debug|Any CPU.ActiveCfg = Debug|Any CPU
		{6708E4EE-705D-49CA-A6E3-1E7F974A4EAE}.Debug|Any CPU.Build.0 = Debug|Any CPU
		{6708E4EE-705D-49CA-A6E3-1E7F974A4EAE}.Release|Any CPU.ActiveCfg = Release|Any CPU
		{6708E4EE-705D-49CA-A6E3-1E7F974A4EAE}.Release|Any CPU.Build.0 = Release|Any CPU
		{3AEE3666-99A7-4191-98BC-A9D2D86F87E2}.Debug|Any CPU.ActiveCfg = Debug|Any CPU
		{3AEE3666-99A7-4191-98BC-A9D2D86F87E2}.Debug|Any CPU.Build.0 = Debug|Any CPU
		{3AEE3666-99A7-4191-98BC-A9D2D86F87E2}.Release|Any CPU.ActiveCfg = Release|Any CPU
		{3AEE3666-99A7-4191-98BC-A9D2D86F87E2}.Release|Any CPU.Build.0 = Release|Any CPU
	EndGlobalSection
	GlobalSection(SolutionProperties) = preSolution
		HideSolutionNode = FALSE
	EndGlobalSection
	GlobalSection(NestedProjects) = preSolution
		{76CB5AEC-F23B-4E67-B4CF-1091E2B07EBE} = {BDB438C5-2FF1-48A8-8116-3D02B30A433F}
		{8D41E338-C052-4FFB-90E8-85003A5DA20C} = {BDB438C5-2FF1-48A8-8116-3D02B30A433F}
		{7B5F74F9-5B77-44E1-ACAE-6FF4D6ED6FEF} = {8D41E338-C052-4FFB-90E8-85003A5DA20C}
		{67E76ABE-EA8A-45D9-9D8F-2E5734D14276} = {7B5F74F9-5B77-44E1-ACAE-6FF4D6ED6FEF}
		{18C65662-E8F8-4CC4-8798-EC8459EC85BF} = {7B5F74F9-5B77-44E1-ACAE-6FF4D6ED6FEF}
		{3800C64B-521E-45AE-88D4-3C15F3276755} = {8D41E338-C052-4FFB-90E8-85003A5DA20C}
		{A4ECAE83-919E-47F2-9D56-6357636BEA30} = {3800C64B-521E-45AE-88D4-3C15F3276755}
		{51AE1BF2-CAD1-4907-8250-9556DE72BB58} = {3800C64B-521E-45AE-88D4-3C15F3276755}
		{3FBC6C16-3A54-4FD0-B577-BA511871E468} = {8D41E338-C052-4FFB-90E8-85003A5DA20C}
		{7188A784-5A03-4CB9-B612-9AE57938A521} = {3FBC6C16-3A54-4FD0-B577-BA511871E468}
		{1F3C9C9A-5FEC-4A87-8440-65DB36BB3640} = {3FBC6C16-3A54-4FD0-B577-BA511871E468}
		{F348AB9F-2AAE-43B5-A5CE-AE87596FC2CF} = {BDB438C5-2FF1-48A8-8116-3D02B30A433F}
		{3B83331E-98E0-466F-8F03-8D7F7E5B472C} = {F348AB9F-2AAE-43B5-A5CE-AE87596FC2CF}
		{DBD8514F-BC8D-4444-B6C4-C90A63391212} = {3FBC6C16-3A54-4FD0-B577-BA511871E468}
		{5CAAC1CE-6D3F-4AC5-8DFA-19CBDA22F6B9} = {8D41E338-C052-4FFB-90E8-85003A5DA20C}
		{DCF5AB07-BD0F-4777-9F1C-B03630A024AA} = {5CAAC1CE-6D3F-4AC5-8DFA-19CBDA22F6B9}
		{72EDECE5-6021-44C0-802A-7251FCC257A1} = {5CAAC1CE-6D3F-4AC5-8DFA-19CBDA22F6B9}
		{0916147C-884E-481F-9214-C70E302A9CAB} = {8D41E338-C052-4FFB-90E8-85003A5DA20C}
		{BE05C3D3-71D5-42AE-9016-5038C626BAD9} = {0916147C-884E-481F-9214-C70E302A9CAB}
		{7636D599-60C2-469F-86AF-D1741A7E4FB3} = {BDB438C5-2FF1-48A8-8116-3D02B30A433F}
		{E4A95630-0D97-41FA-90E5-BCCE5EC49F93} = {7636D599-60C2-469F-86AF-D1741A7E4FB3}
		{2F9FF926-EF7E-4DF7-8EBC-BEC578F8AAFC} = {E4A95630-0D97-41FA-90E5-BCCE5EC49F93}
		{55DDF9E8-CF4C-4C62-8234-C46FC4266A6D} = {E4A95630-0D97-41FA-90E5-BCCE5EC49F93}
		{A6035CFF-2BF9-4A74-907C-52B3136C8966} = {8D41E338-C052-4FFB-90E8-85003A5DA20C}
		{0F745295-FC6E-4B6A-B81B-6B5F6C3BD5E7} = {A6035CFF-2BF9-4A74-907C-52B3136C8966}
		{6CC91503-205B-4CC0-BB3C-308A52D89B7B} = {8D41E338-C052-4FFB-90E8-85003A5DA20C}
		{42F86596-E584-4160-881A-0C9E83FE8AB9} = {6CC91503-205B-4CC0-BB3C-308A52D89B7B}
		{D79299D4-BF2D-40B1-8800-28EB0D80C819} = {7636D599-60C2-469F-86AF-D1741A7E4FB3}
		{DEA609DF-1AE0-4045-B11A-E7CBD7585A15} = {8D41E338-C052-4FFB-90E8-85003A5DA20C}
		{6708E4EE-705D-49CA-A6E3-1E7F974A4EAE} = {DEA609DF-1AE0-4045-B11A-E7CBD7585A15}
		{3AEE3666-99A7-4191-98BC-A9D2D86F87E2} = {DEA609DF-1AE0-4045-B11A-E7CBD7585A15}
	EndGlobalSection
	GlobalSection(ExtensibilityGlobals) = postSolution
		SolutionGuid = {1C837E83-DF8B-49A4-A109-792566F06E60}
	EndGlobalSection
EndGlobal
